
Microsoft Visual Studio Solution File, Format Version 12.00
# Visual Studio Version 17
VisualStudioVersion = 17.5.002.0
MinimumVisualStudioVersion = 10.0.40219.1
Project("{9A19103F-16F7-4668-BE54-9A1E7A4F7556}") = "webmotos", "webmotos.csproj", "{E48932B3-F290-4D10-8FD3-7A928349FDDA}"
EndProject
Global
	GlobalSection(SolutionConfigurationPlatforms) = preSolution
		Debug|Any CPU = Debug|Any CPU
		Release|Any CPU = Release|Any CPU
	EndGlobalSection
	GlobalSection(ProjectConfigurationPlatforms) = postSolution
		{E48932B3-F290-4D10-8FD3-7A928349FDDA}.Debug|Any CPU.ActiveCfg = Debug|Any CPU
		{E48932B3-F290-4D10-8FD3-7A928349FDDA}.Debug|Any CPU.Build.0 = Debug|Any CPU
		{E48932B3-F290-4D10-8FD3-7A928349FDDA}.Release|Any CPU.ActiveCfg = Release|Any CPU
		{E48932B3-F290-4D10-8FD3-7A928349FDDA}.Release|Any CPU.Build.0 = Release|Any CPU
	EndGlobalSection
	GlobalSection(SolutionProperties) = preSolution
		HideSolutionNode = FALSE
	EndGlobalSection
	GlobalSection(ExtensibilityGlobals) = postSolution
		SolutionGuid = {F6F8C6AF-9FD9-42AE-BAED-57D2C2890B09}
	EndGlobalSection
EndGlobal
